
Microsoft Visual Studio Solution File, Format Version 12.00
# Visual Studio Version 17
VisualStudioVersion = 17.4.33213.308
MinimumVisualStudioVersion = 10.0.40219.1
Project("{FAE04EC0-301F-11D3-BF4B-00C04F79EFBC}") = "IntegrateAPI", "IntegrateAPI\IntegrateAPI.csproj", "{7DCB65F9-8535-4C99-A3C1-DE778525428C}"
EndProject
Global
	GlobalSection(SolutionConfigurationPlatforms) = preSolution
		Debug|Any CPU = Debug|Any CPU
		Release|Any CPU = Release|Any CPU
	EndGlobalSection
	GlobalSection(ProjectConfigurationPlatforms) = postSolution
		{7DCB65F9-8535-4C99-A3C1-DE778525428C}.Debug|Any CPU.ActiveCfg = Debug|Any CPU
		{7DCB65F9-8535-4C99-A3C1-DE778525428C}.Debug|Any CPU.Build.0 = Debug|Any CPU
		{7DCB65F9-8535-4C99-A3C1-DE778525428C}.Release|Any CPU.ActiveCfg = Release|Any CPU
		{7DCB65F9-8535-4C99-A3C1-DE778525428C}.Release|Any CPU.Build.0 = Release|Any CPU
	EndGlobalSection
	GlobalSection(SolutionProperties) = preSolution
		HideSolutionNode = FALSE
	EndGlobalSection
	GlobalSection(ExtensibilityGlobals) = postSolution
		SolutionGuid = {9E1DDEAD-3375-4085-ACB1-341A3A97A6F3}
	EndGlobalSection
EndGlobal
